// !$*UTF8*$!
{
	archiveVersion = 1;
	classes = {
	};
	objectVersion = 55;
	objects = {

/* Begin PBXBuildFile section */
		0554986928B5E91900D52C5E /* AppDelegate.swift in Sources */ = {isa = PBXBuildFile; fileRef = 0554986828B5E91900D52C5E /* AppDelegate.swift */; };
		0554986B28B5E91900D52C5E /* SceneDelegate.swift in Sources */ = {isa = PBXBuildFile; fileRef = 0554986A28B5E91900D52C5E /* SceneDelegate.swift */; };
		0554986D28B5E91900D52C5E /* ViewController.swift in Sources */ = {isa = PBXBuildFile; fileRef = 0554986C28B5E91900D52C5E /* ViewController.swift */; };
		0554987028B5E91900D52C5E /* Main.storyboard in Resources */ = {isa = PBXBuildFile; fileRef = 0554986E28B5E91900D52C5E /* Main.storyboard */; };
		0554987228B5E91F00D52C5E /* Assets.xcassets in Resources */ = {isa = PBXBuildFile; fileRef = 0554987128B5E91F00D52C5E /* Assets.xcassets */; };
		0554987528B5E91F00D52C5E /* LaunchScreen.storyboard in Resources */ = {isa = PBXBuildFile; fileRef = 0554987328B5E91F00D52C5E /* LaunchScreen.storyboard */; };
		0554988028B5E92000D52C5E /* NewsAppTests.swift in Sources */ = {isa = PBXBuildFile; fileRef = 0554987F28B5E92000D52C5E /* NewsAppTests.swift */; };
		0554988A28B5E92000D52C5E /* NewsAppUITests.swift in Sources */ = {isa = PBXBuildFile; fileRef = 0554988928B5E92000D52C5E /* NewsAppUITests.swift */; };
		0554988C28B5E92000D52C5E /* NewsAppUITestsLaunchTests.swift in Sources */ = {isa = PBXBuildFile; fileRef = 0554988B28B5E92000D52C5E /* NewsAppUITestsLaunchTests.swift */; };
		0554989928B5EC8400D52C5E /* APICaller.swift in Sources */ = {isa = PBXBuildFile; fileRef = 0554989828B5EC8400D52C5E /* APICaller.swift */; };
		0554989B28B5FE8F00D52C5E /* NewsTableViewCell.swift in Sources */ = {isa = PBXBuildFile; fileRef = 0554989A28B5FE8F00D52C5E /* NewsTableViewCell.swift */; };
/* End PBXBuildFile section */

/* Begin PBXContainerItemProxy section */
		0554987C28B5E92000D52C5E /* PBXContainerItemProxy */ = {
			isa = PBXContainerItemProxy;
			containerPortal = 0554985D28B5E91900D52C5E /* Project object */;
			proxyType = 1;
			remoteGlobalIDString = 0554986428B5E91900D52C5E;
			remoteInfo = NewsApp;
		};
		0554988628B5E92000D52C5E /* PBXContainerItemProxy */ = {
			isa = PBXContainerItemProxy;
			containerPortal = 0554985D28B5E91900D52C5E /* Project object */;
			proxyType = 1;
			remoteGlobalIDString = 0554986428B5E91900D52C5E;
			remoteInfo = NewsApp;
		};
/* End PBXContainerItemProxy section */

/* Begin PBXFileReference section */
		0554986528B5E91900D52C5E /* NewsApp.app */ = {isa = PBXFileReference; explicitFileType = wrapper.application; includeInIndex = 0; path = NewsApp.app; sourceTree = BUILT_PRODUCTS_DIR; };
		0554986828B5E91900D52C5E /* AppDelegate.swift */ = {isa = PBXFileReference; lastKnownFileType = sourcecode.swift; path = AppDelegate.swift; sourceTree = "<group>"; };
		0554986A28B5E91900D52C5E /* SceneDelegate.swift */ = {isa = PBXFileReference; lastKnownFileType = sourcecode.swift; path = SceneDelegate.swift; sourceTree = "<group>"; };
		0554986C28B5E91900D52C5E /* ViewController.swift */ = {isa = PBXFileReference; lastKnownFileType = sourcecode.swift; path = ViewController.swift; sourceTree = "<group>"; };
		0554986F28B5E91900D52C5E /* Base */ = {isa = PBXFileReference; lastKnownFileType = file.storyboard; name = Base; path = Base.lproj/Main.storyboard; sourceTree = "<group>"; };
		0554987128B5E91F00D52C5E /* Assets.xcassets */ = {isa = PBXFileReference; lastKnownFileType = folder.assetcatalog; path = Assets.xcassets; sourceTree = "<group>"; };
		0554987428B5E91F00D52C5E /* Base */ = {isa = PBXFileReference; lastKnownFileType = file.storyboard; name = Base; path = Base.lproj/LaunchScreen.storyboard; sourceTree = "<group>"; };
		0554987628B5E91F00D52C5E /* Info.plist */ = {isa = PBXFileReference; lastKnownFileType = text.plist.xml; path = Info.plist; sourceTree = "<group>"; };
		0554987B28B5E92000D52C5E /* NewsAppTests.xctest */ = {isa = PBXFileReference; explicitFileType = wrapper.cfbundle; includeInIndex = 0; path = NewsAppTests.xctest; sourceTree = BUILT_PRODUCTS_DIR; };
		0554987F28B5E92000D52C5E /* NewsAppTests.swift */ = {isa = PBXFileReference; lastKnownFileType = sourcecode.swift; path = NewsAppTests.swift; sourceTree = "<group>"; };
		0554988528B5E92000D52C5E /* NewsAppUITests.xctest */ = {isa = PBXFileReference; explicitFileType = wrapper.cfbundle; includeInIndex = 0; path = NewsAppUITests.xctest; sourceTree = BUILT_PRODUCTS_DIR; };
		0554988928B5E92000D52C5E /* NewsAppUITests.swift */ = {isa = PBXFileReference; lastKnownFileType = sourcecode.swift; path = NewsAppUITests.swift; sourceTree = "<group>"; };
		0554988B28B5E92000D52C5E /* NewsAppUITestsLaunchTests.swift */ = {isa = PBXFileReference; lastKnownFileType = sourcecode.swift; path = NewsAppUITestsLaunchTests.swift; sourceTree = "<group>"; };
		0554989828B5EC8400D52C5E /* APICaller.swift */ = {isa = PBXFileReference; lastKnownFileType = sourcecode.swift; path = APICaller.swift; sourceTree = "<group>"; };
		0554989A28B5FE8F00D52C5E /* NewsTableViewCell.swift */ = {isa = PBXFileReference; lastKnownFileType = sourcecode.swift; path = NewsTableViewCell.swift; sourceTree = "<group>"; };
/* End PBXFileReference section */

/* Begin PBXFrameworksBuildPhase section */
		0554986228B5E91900D52C5E /* Frameworks */ = {
			isa = PBXFrameworksBuildPhase;
			buildActionMask = 2147483647;
			files = (
			);
			runOnlyForDeploymentPostprocessing = 0;
		};
		0554987828B5E92000D52C5E /* Frameworks */ = {
			isa = PBXFrameworksBuildPhase;
			buildActionMask = 2147483647;
			files = (
			);
			runOnlyForDeploymentPostprocessing = 0;
		};
		0554988228B5E92000D52C5E /* Frameworks */ = {
			isa = PBXFrameworksBuildPhase;
			buildActionMask = 2147483647;
			files = (
			);
			runOnlyForDeploymentPostprocessing = 0;
		};
/* End PBXFrameworksBuildPhase section */

/* Begin PBXGroup section */
		0554985C28B5E91900D52C5E = {
			isa = PBXGroup;
			children = (
				0554986728B5E91900D52C5E /* NewsApp */,
				0554987E28B5E92000D52C5E /* NewsAppTests */,
				0554988828B5E92000D52C5E /* NewsAppUITests */,
				0554986628B5E91900D52C5E /* Products */,
			);
			sourceTree = "<group>";
		};
		0554986628B5E91900D52C5E /* Products */ = {
			isa = PBXGroup;
			children = (
				0554986528B5E91900D52C5E /* NewsApp.app */,
				0554987B28B5E92000D52C5E /* NewsAppTests.xctest */,
				0554988528B5E92000D52C5E /* NewsAppUITests.xctest */,
			);
			name = Products;
			sourceTree = "<group>";
		};
		0554986728B5E91900D52C5E /* NewsApp */ = {
			isa = PBXGroup;
			children = (
				0554986828B5E91900D52C5E /* AppDelegate.swift */,
				0554986A28B5E91900D52C5E /* SceneDelegate.swift */,
				0554986C28B5E91900D52C5E /* ViewController.swift */,
				0554986E28B5E91900D52C5E /* Main.storyboard */,
				0554987128B5E91F00D52C5E /* Assets.xcassets */,
				0554987328B5E91F00D52C5E /* LaunchScreen.storyboard */,
				0554987628B5E91F00D52C5E /* Info.plist */,
				0554989828B5EC8400D52C5E /* APICaller.swift */,
				0554989A28B5FE8F00D52C5E /* NewsTableViewCell.swift */,
			);
			path = NewsApp;
			sourceTree = "<group>";
		};
		0554987E28B5E92000D52C5E /* NewsAppTests */ = {
			isa = PBXGroup;
			children = (
				0554987F28B5E92000D52C5E /* NewsAppTests.swift */,
			);
			path = NewsAppTests;
			sourceTree = "<group>";
		};
		0554988828B5E92000D52C5E /* NewsAppUITests */ = {
			isa = PBXGroup;
			children = (
				0554988928B5E92000D52C5E /* NewsAppUITests.swift */,
				0554988B28B5E92000D52C5E /* NewsAppUITestsLaunchTests.swift */,
			);
			path = NewsAppUITests;
			sourceTree = "<group>";
		};
/* End PBXGroup section */

/* Begin PBXNativeTarget section */
		0554986428B5E91900D52C5E /* NewsApp */ = {
			isa = PBXNativeTarget;
			buildConfigurationList = 0554988F28B5E92000D52C5E /* Build configuration list for PBXNativeTarget "NewsApp" */;
			buildPhases = (
				0554986128B5E91900D52C5E /* Sources */,
				0554986228B5E91900D52C5E /* Frameworks */,
				0554986328B5E91900D52C5E /* Resources */,
			);
			buildRules = (
			);
			dependencies = (
			);
			name = NewsApp;
			productName = NewsApp;
			productReference = 0554986528B5E91900D52C5E /* NewsApp.app */;
			productType = "com.apple.product-type.application";
		};
		0554987A28B5E92000D52C5E /* NewsAppTests */ = {
			isa = PBXNativeTarget;
			buildConfigurationList = 0554989228B5E92000D52C5E /* Build configuration list for PBXNativeTarget "NewsAppTests" */;
			buildPhases = (
				0554987728B5E92000D52C5E /* Sources */,
				0554987828B5E92000D52C5E /* Frameworks */,
				0554987928B5E92000D52C5E /* Resources */,
			);
			buildRules = (
			);
			dependencies = (
				0554987D28B5E92000D52C5E /* PBXTargetDependency */,
			);
			name = NewsAppTests;
			productName = NewsAppTests;
			productReference = 0554987B28B5E92000D52C5E /* NewsAppTests.xctest */;
			productType = "com.apple.product-type.bundle.unit-test";
		};
		0554988428B5E92000D52C5E /* NewsAppUITests */ = {
			isa = PBXNativeTarget;
			buildConfigurationList = 0554989528B5E92000D52C5E /* Build configuration list for PBXNativeTarget "NewsAppUITests" */;
			buildPhases = (
				0554988128B5E92000D52C5E /* Sources */,
				0554988228B5E92000D52C5E /* Frameworks */,
				0554988328B5E92000D52C5E /* Resources */,
			);
			buildRules = (
			);
			dependencies = (
				0554988728B5E92000D52C5E /* PBXTargetDependency */,
			);
			name = NewsAppUITests;
			productName = NewsAppUITests;
			productReference = 0554988528B5E92000D52C5E /* NewsAppUITests.xctest */;
			productType = "com.apple.product-type.bundle.ui-testing";
		};
/* End PBXNativeTarget section */

/* Begin PBXProject section */
		0554985D28B5E91900D52C5E /* Project object */ = {
			isa = PBXProject;
			attributes = {
				BuildIndependentTargetsInParallel = 1;
				LastSwiftUpdateCheck = 1330;
				LastUpgradeCheck = 1330;
				TargetAttributes = {
					0554986428B5E91900D52C5E = {
						CreatedOnToolsVersion = 13.3.1;
					};
					0554987A28B5E92000D52C5E = {
						CreatedOnToolsVersion = 13.3.1;
						TestTargetID = 0554986428B5E91900D52C5E;
					};
					0554988428B5E92000D52C5E = {
						CreatedOnToolsVersion = 13.3.1;
						TestTargetID = 0554986428B5E91900D52C5E;
					};
				};
			};
			buildConfigurationList = 0554986028B5E91900D52C5E /* Build configuration list for PBXProject "NewsApp" */;
			compatibilityVersion = "Xcode 13.0";
			developmentRegion = en;
			hasScannedForEncodings = 0;
			knownRegions = (
				en,
				Base,
			);
			mainGroup = 0554985C28B5E91900D52C5E;
			productRefGroup = 0554986628B5E91900D52C5E /* Products */;
			projectDirPath = "";
			projectRoot = "";
			targets = (
				0554986428B5E91900D52C5E /* NewsApp */,
				0554987A28B5E92000D52C5E /* NewsAppTests */,
				0554988428B5E92000D52C5E /* NewsAppUITests */,
			);
		};
/* End PBXProject section */

/* Begin PBXResourcesBuildPhase section */
		0554986328B5E91900D52C5E /* Resources */ = {
			isa = PBXResourcesBuildPhase;
			buildActionMask = 2147483647;
			files = (
				0554987528B5E91F00D52C5E /* LaunchScreen.storyboard in Resources */,
				0554987228B5E91F00D52C5E /* Assets.xcassets in Resources */,
				0554987028B5E91900D52C5E /* Main.storyboard in Resources */,
			);
			runOnlyForDeploymentPostprocessing = 0;
		};
		0554987928B5E92000D52C5E /* Resources */ = {
			isa = PBXResourcesBuildPhase;
			buildActionMask = 2147483647;
			files = (
			);
			runOnlyForDeploymentPostprocessing = 0;
		};
		0554988328B5E92000D52C5E /* Resources */ = {
			isa = PBXResourcesBuildPhase;
			buildActionMask = 2147483647;
			files = (
			);
			runOnlyForDeploymentPostprocessing = 0;
		};
/* End PBXResourcesBuildPhase section */

/* Begin PBXSourcesBuildPhase section */
		0554986128B5E91900D52C5E /* Sources */ = {
			isa = PBXSourcesBuildPhase;
			buildActionMask = 2147483647;
			files = (
				0554986D28B5E91900D52C5E /* ViewController.swift in Sources */,
				0554986928B5E91900D52C5E /* AppDelegate.swift in Sources */,
				0554989B28B5FE8F00D52C5E /* NewsTableViewCell.swift in Sources */,
				0554986B28B5E91900D52C5E /* SceneDelegate.swift in Sources */,
				0554989928B5EC8400D52C5E /* APICaller.swift in Sources */,
			);
			runOnlyForDeploymentPostprocessing = 0;
		};
		0554987728B5E92000D52C5E /* Sources */ = {
			isa = PBXSourcesBuildPhase;
			buildActionMask = 2147483647;
			files = (
				0554988028B5E92000D52C5E /* NewsAppTests.swift in Sources */,
			);
			runOnlyForDeploymentPostprocessing = 0;
		};
		0554988128B5E92000D52C5E /* Sources */ = {
			isa = PBXSourcesBuildPhase;
			buildActionMask = 2147483647;
			files = (
				0554988A28B5E92000D52C5E /* NewsAppUITests.swift in Sources */,
				0554988C28B5E92000D52C5E /* NewsAppUITestsLaunchTests.swift in Sources */,
			);
			runOnlyForDeploymentPostprocessing = 0;
		};
/* End PBXSourcesBuildPhase section */

/* Begin PBXTargetDependency section */
		0554987D28B5E92000D52C5E /* PBXTargetDependency */ = {
			isa = PBXTargetDependency;
			target = 0554986428B5E91900D52C5E /* NewsApp */;
			targetProxy = 0554987C28B5E92000D52C5E /* PBXContainerItemProxy */;
		};
		0554988728B5E92000D52C5E /* PBXTargetDependency */ = {
			isa = PBXTargetDependency;
			target = 0554986428B5E91900D52C5E /* NewsApp */;
			targetProxy = 0554988628B5E92000D52C5E /* PBXContainerItemProxy */;
		};
/* End PBXTargetDependency section */

/* Begin PBXVariantGroup section */
		0554986E28B5E91900D52C5E /* Main.storyboard */ = {
			isa = PBXVariantGroup;
			children = (
				0554986F28B5E91900D52C5E /* Base */,
			);
			name = Main.storyboard;
			sourceTree = "<group>";
		};
		0554987328B5E91F00D52C5E /* LaunchScreen.storyboard */ = {
			isa = PBXVariantGroup;
			children = (
				0554987428B5E91F00D52C5E /* Base */,
			);
			name = LaunchScreen.storyboard;
			sourceTree = "<group>";
		};
/* End PBXVariantGroup section */

/* Begin XCBuildConfiguration section */
		0554988D28B5E92000D52C5E /* Debug */ = {
			isa = XCBuildConfiguration;
			buildSettings = {
				ALWAYS_SEARCH_USER_PATHS = NO;
				CLANG_ANALYZER_NONNULL = YES;
				CLANG_ANALYZER_NUMBER_OBJECT_CONVERSION = YES_AGGRESSIVE;
				CLANG_CXX_LANGUAGE_STANDARD = "gnu++17";
				CLANG_ENABLE_MODULES = YES;
				CLANG_ENABLE_OBJC_ARC = YES;
				CLANG_ENABLE_OBJC_WEAK = YES;
				CLANG_WARN_BLOCK_CAPTURE_AUTORELEASING = YES;
				CLANG_WARN_BOOL_CONVERSION = YES;
				CLANG_WARN_COMMA = YES;
				CLANG_WARN_CONSTANT_CONVERSION = YES;
				CLANG_WARN_DEPRECATED_OBJC_IMPLEMENTATIONS = YES;
				CLANG_WARN_DIRECT_OBJC_ISA_USAGE = YES_ERROR;
				CLANG_WARN_DOCUMENTATION_COMMENTS = YES;
				CLANG_WARN_EMPTY_BODY = YES;
				CLANG_WARN_ENUM_CONVERSION = YES;
				CLANG_WARN_INFINITE_RECURSION = YES;
				CLANG_WARN_INT_CONVERSION = YES;
				CLANG_WARN_NON_LITERAL_NULL_CONVERSION = YES;
				CLANG_WARN_OBJC_IMPLICIT_RETAIN_SELF = YES;
				CLANG_WARN_OBJC_LITERAL_CONVERSION = YES;
				CLANG_WARN_OBJC_ROOT_CLASS = YES_ERROR;
				CLANG_WARN_QUOTED_INCLUDE_IN_FRAMEWORK_HEADER = YES;
				CLANG_WARN_RANGE_LOOP_ANALYSIS = YES;
				CLANG_WARN_STRICT_PROTOTYPES = YES;
				CLANG_WARN_SUSPICIOUS_MOVE = YES;
				CLANG_WARN_UNGUARDED_AVAILABILITY = YES_AGGRESSIVE;
				CLANG_WARN_UNREACHABLE_CODE = YES;
				CLANG_WARN__DUPLICATE_METHOD_MATCH = YES;
				COPY_PHASE_STRIP = NO;
				DEBUG_INFORMATION_FORMAT = dwarf;
				ENABLE_STRICT_OBJC_MSGSEND = YES;
				ENABLE_TESTABILITY = YES;
				GCC_C_LANGUAGE_STANDARD = gnu11;
				GCC_DYNAMIC_NO_PIC = NO;
				GCC_NO_COMMON_BLOCKS = YES;
				GCC_OPTIMIZATION_LEVEL = 0;
				GCC_PREPROCESSOR_DEFINITIONS = (
					"DEBUG=1",
					"$(inherited)",
				);
				GCC_WARN_64_TO_32_BIT_CONVERSION = YES;
				GCC_WARN_ABOUT_RETURN_TYPE = YES_ERROR;
				GCC_WARN_UNDECLARED_SELECTOR = YES;
				GCC_WARN_UNINITIALIZED_AUTOS = YES_AGGRESSIVE;
				GCC_WARN_UNUSED_FUNCTION = YES;
				GCC_WARN_UNUSED_VARIABLE = YES;
				IPHONEOS_DEPLOYMENT_TARGET = 15.4;
				MTL_ENABLE_DEBUG_INFO = INCLUDE_SOURCE;
				MTL_FAST_MATH = YES;
				ONLY_ACTIVE_ARCH = YES;
				SDKROOT = iphoneos;
				SWIFT_ACTIVE_COMPILATION_CONDITIONS = DEBUG;
				SWIFT_OPTIMIZATION_LEVEL = "-Onone";
			};
			name = Debug;
		};
		0554988E28B5E92000D52C5E /* Release */ = {
			isa = XCBuildConfiguration;
			buildSettings = {
				ALWAYS_SEARCH_USER_PATHS = NO;
				CLANG_ANALYZER_NONNULL = YES;
				CLANG_ANALYZER_NUMBER_OBJECT_CONVERSION = YES_AGGRESSIVE;
				CLANG_CXX_LANGUAGE_STANDARD = "gnu++17";
				CLANG_ENABLE_MODULES = YES;
				CLANG_ENABLE_OBJC_ARC = YES;
				CLANG_ENABLE_OBJC_WEAK = YES;
				CLANG_WARN_BLOCK_CAPTURE_AUTORELEASING = YES;
				CLANG_WARN_BOOL_CONVERSION = YES;
				CLANG_WARN_COMMA = YES;
				CLANG_WARN_CONSTANT_CONVERSION = YES;
				CLANG_WARN_DEPRECATED_OBJC_IMPLEMENTATIONS = YES;
				CLANG_WARN_DIRECT_OBJC_ISA_USAGE = YES_ERROR;
				CLANG_WARN_DOCUMENTATION_COMMENTS = YES;
				CLANG_WARN_EMPTY_BODY = YES;
				CLANG_WARN_ENUM_CONVERSION = YES;
				CLANG_WARN_INFINITE_RECURSION = YES;
				CLANG_WARN_INT_CONVERSION = YES;
				CLANG_WARN_NON_LITERAL_NULL_CONVERSION = YES;
				CLANG_WARN_OBJC_IMPLICIT_RETAIN_SELF = YES;
				CLANG_WARN_OBJC_LITERAL_CONVERSION = YES;
				CLANG_WARN_OBJC_ROOT_CLASS = YES_ERROR;
				CLANG_WARN_QUOTED_INCLUDE_IN_FRAMEWORK_HEADER = YES;
				CLANG_WARN_RANGE_LOOP_ANALYSIS = YES;
				CLANG_WARN_STRICT_PROTOTYPES = YES;
				CLANG_WARN_SUSPICIOUS_MOVE = YES;
				CLANG_WARN_UNGUARDED_AVAILABILITY = YES_AGGRESSIVE;
				CLANG_WARN_UNREACHABLE_CODE = YES;
				CLANG_WARN__DUPLICATE_METHOD_MATCH = YES;
				COPY_PHASE_STRIP = NO;
				DEBUG_INFORMATION_FORMAT = "dwarf-with-dsym";
				ENABLE_NS_ASSERTIONS = NO;
				ENABLE_STRICT_OBJC_MSGSEND = YES;
				GCC_C_LANGUAGE_STANDARD = gnu11;
				GCC_NO_COMMON_BLOCKS = YES;
				GCC_WARN_64_TO_32_BIT_CONVERSION = YES;
				GCC_WARN_ABOUT_RETURN_TYPE = YES_ERROR;
				GCC_WARN_UNDECLARED_SELECTOR = YES;
				GCC_WARN_UNINITIALIZED_AUTOS = YES_AGGRESSIVE;
				GCC_WARN_UNUSED_FUNCTION = YES;
				GCC_WARN_UNUSED_VARIABLE = YES;
				IPHONEOS_DEPLOYMENT_TARGET = 15.4;
				MTL_ENABLE_DEBUG_INFO = NO;
				MTL_FAST_MATH = YES;
				SDKROOT = iphoneos;
				SWIFT_COMPILATION_MODE = wholemodule;
				SWIFT_OPTIMIZATION_LEVEL = "-O";
				VALIDATE_PRODUCT = YES;
			};
			name = Release;
		};
		0554989028B5E92000D52C5E /* Debug */ = {
			isa = XCBuildConfiguration;
			buildSettings = {
				ASSETCATALOG_COMPILER_APPICON_NAME = AppIcon;
				ASSETCATALOG_COMPILER_GLOBAL_ACCENT_COLOR_NAME = AccentColor;
				CODE_SIGN_STYLE = Automatic;
				CURRENT_PROJECT_VERSION = 1;
				GENERATE_INFOPLIST_FILE = YES;
				INFOPLIST_FILE = NewsApp/Info.plist;
				INFOPLIST_KEY_UIApplicationSupportsIndirectInputEvents = YES;
				INFOPLIST_KEY_UILaunchStoryboardName = LaunchScreen;
				INFOPLIST_KEY_UIMainStoryboardFile = Main;
				INFOPLIST_KEY_UISupportedInterfaceOrientations_iPad = "UIInterfaceOrientationPortrait UIInterfaceOrientationPortraitUpsideDown UIInterfaceOrientationLandscapeLeft UIInterfaceOrientationLandscapeRight";
				INFOPLIST_KEY_UISupportedInterfaceOrientations_iPhone = "UIInterfaceOrientationPortrait UIInterfaceOrientationLandscapeLeft UIInterfaceOrientationLandscapeRight";
				LD_RUNPATH_SEARCH_PATHS = (
					"$(inherited)",
					"@executable_path/Frameworks",
				);
				MARKETING_VERSION = 1.0;
				PRODUCT_BUNDLE_IDENTIFIER = histogram.NewsApp;
				PRODUCT_NAME = "$(TARGET_NAME)";
				SWIFT_EMIT_LOC_STRINGS = YES;
				SWIFT_VERSION = 5.0;
				TARGETED_DEVICE_FAMILY = "1,2";
			};
			name = Debug;
		};
		0554989128B5E92000D52C5E /* Release */ = {
			isa = XCBuildConfiguration;
			buildSettings = {
				ASSETCATALOG_COMPILER_APPICON_NAME = AppIcon;
				ASSETCATALOG_COMPILER_GLOBAL_ACCENT_COLOR_NAME = AccentColor;
				CODE_SIGN_STYLE = Automatic;
				CURRENT_PROJECT_VERSION = 1;
				GENERATE_INFOPLIST_FILE = YES;
				INFOPLIST_FILE = NewsApp/Info.plist;
				INFOPLIST_KEY_UIApplicationSupportsIndirectInputEvents = YES;
				INFOPLIST_KEY_UILaunchStoryboardName = LaunchScreen;
				INFOPLIST_KEY_UIMainStoryboardFile = Main;
				INFOPLIST_KEY_UISupportedInterfaceOrientations_iPad = "UIInterfaceOrientationPortrait UIInterfaceOrientationPortraitUpsideDown UIInterfaceOrientationLandscapeLeft UIInterfaceOrientationLandscapeRight";
				INFOPLIST_KEY_UISupportedInterfaceOrientations_iPhone = "UIInterfaceOrientationPortrait UIInterfaceOrientationLandscapeLeft UIInterfaceOrientationLandscapeRight";
				LD_RUNPATH_SEARCH_PATHS = (
					"$(inherited)",
					"@executable_path/Frameworks",
				);
				MARKETING_VERSION = 1.0;
				PRODUCT_BUNDLE_IDENTIFIER = histogram.NewsApp;
				PRODUCT_NAME = "$(TARGET_NAME)";
				SWIFT_EMIT_LOC_STRINGS = YES;
				SWIFT_VERSION = 5.0;
				TARGETED_DEVICE_FAMILY = "1,2";
			};
			name = Release;
		};
		0554989328B5E92000D52C5E /* Debug */ = {
			isa = XCBuildConfiguration;
			buildSettings = {
				ALWAYS_EMBED_SWIFT_STANDARD_LIBRARIES = YES;
				BUNDLE_LOADER = "$(TEST_HOST)";
				CODE_SIGN_STYLE = Automatic;
				CURRENT_PROJECT_VERSION = 1;
				GENERATE_INFOPLIST_FILE = YES;
				IPHONEOS_DEPLOYMENT_TARGET = 15.4;
				MARKETING_VERSION = 1.0;
				PRODUCT_BUNDLE_IDENTIFIER = histogram.NewsAppTests;
				PRODUCT_NAME = "$(TARGET_NAME)";
				SWIFT_EMIT_LOC_STRINGS = NO;
				SWIFT_VERSION = 5.0;
				TARGETED_DEVICE_FAMILY = "1,2";
				TEST_HOST = "$(BUILT_PRODUCTS_DIR)/NewsApp.app/NewsApp";
			};
			name = Debug;
		};
		0554989428B5E92000D52C5E /* Release */ = {
			isa = XCBuildConfiguration;
			buildSettings = {
				ALWAYS_EMBED_SWIFT_STANDARD_LIBRARIES = YES;
				BUNDLE_LOADER = "$(TEST_HOST)";
				CODE_SIGN_STYLE = Automatic;
				CURRENT_PROJECT_VERSION = 1;
				GENERATE_INFOPLIST_FILE = YES;
				IPHONEOS_DEPLOYMENT_TARGET = 15.4;
				MARKETING_VERSION = 1.0;
				PRODUCT_BUNDLE_IDENTIFIER = histogram.NewsAppTests;
				PRODUCT_NAME = "$(TARGET_NAME)";
				SWIFT_EMIT_LOC_STRINGS = NO;
				SWIFT_VERSION = 5.0;
				TARGETED_DEVICE_FAMILY = "1,2";
				TEST_HOST = "$(BUILT_PRODUCTS_DIR)/NewsApp.app/NewsApp";
			};
			name = Release;
		};
		0554989628B5E92000D52C5E /* Debug */ = {
			isa = XCBuildConfiguration;
			buildSettings = {
				ALWAYS_EMBED_SWIFT_STANDARD_LIBRARIES = YES;
				CODE_SIGN_STYLE = Automatic;
				CURRENT_PROJECT_VERSION = 1;
				GENERATE_INFOPLIST_FILE = YES;
				MARKETING_VERSION = 1.0;
				PRODUCT_BUNDLE_IDENTIFIER = histogram.NewsAppUITests;
				PRODUCT_NAME = "$(TARGET_NAME)";
				SWIFT_EMIT_LOC_STRINGS = NO;
				SWIFT_VERSION = 5.0;
				TARGETED_DEVICE_FAMILY = "1,2";
				TEST_TARGET_NAME = NewsApp;
			};
			name = Debug;
		};
		0554989728B5E92000D52C5E /* Release */ = {
			isa = XCBuildConfiguration;
			buildSettings = {
				ALWAYS_EMBED_SWIFT_STANDARD_LIBRARIES = YES;
				CODE_SIGN_STYLE = Automatic;
				CURRENT_PROJECT_VERSION = 1;
				GENERATE_INFOPLIST_FILE = YES;
				MARKETING_VERSION = 1.0;
				PRODUCT_BUNDLE_IDENTIFIER = histogram.NewsAppUITests;
				PRODUCT_NAME = "$(TARGET_NAME)";
				SWIFT_EMIT_LOC_STRINGS = NO;
				SWIFT_VERSION = 5.0;
				TARGETED_DEVICE_FAMILY = "1,2";
				TEST_TARGET_NAME = NewsApp;
			};
			name = Release;
		};
/* End XCBuildConfiguration section */

/* Begin XCConfigurationList section */
		0554986028B5E91900D52C5E /* Build configuration list for PBXProject "NewsApp" */ = {
			isa = XCConfigurationList;
			buildConfigurations = (
				0554988D28B5E92000D52C5E /* Debug */,
				0554988E28B5E92000D52C5E /* Release */,
			);
			defaultConfigurationIsVisible = 0;
			defaultConfigurationName = Release;
		};
		0554988F28B5E92000D52C5E /* Build configuration list for PBXNativeTarget "NewsApp" */ = {
			isa = XCConfigurationList;
			buildConfigurations = (
				0554989028B5E92000D52C5E /* Debug */,
				0554989128B5E92000D52C5E /* Release */,
			);
			defaultConfigurationIsVisible = 0;
			defaultConfigurationName = Release;
		};
		0554989228B5E92000D52C5E /* Build configuration list for PBXNativeTarget "NewsAppTests" */ = {
			isa = XCConfigurationList;
			buildConfigurations = (
				0554989328B5E92000D52C5E /* Debug */,
				0554989428B5E92000D52C5E /* Release */,
			);
			defaultConfigurationIsVisible = 0;
			defaultConfigurationName = Release;
		};
		0554989528B5E92000D52C5E /* Build configuration list for PBXNativeTarget "NewsAppUITests" */ = {
			isa = XCConfigurationList;
			buildConfigurations = (
				0554989628B5E92000D52C5E /* Debug */,
				0554989728B5E92000D52C5E /* Release */,
			);
			defaultConfigurationIsVisible = 0;
			defaultConfigurationName = Release;
		};
/* End XCConfigurationList section */
	};
	rootObject = 0554985D28B5E91900D52C5E /* Project object */;
}
